
Microsoft Visual Studio Solution File, Format Version 12.00
# Visual Studio Version 17
VisualStudioVersion = 17.4.33213.308
MinimumVisualStudioVersion = 10.0.40219.1
Project("{FAE04EC0-301F-11D3-BF4B-00C04F79EFBC}") = "assignment 1", "assignment 1.csproj", "{775785FC-4FA7-4DFE-997A-4E25CD171A2E}"
EndProject
Global
	GlobalSection(SolutionConfigurationPlatforms) = preSolution
		Debug|Any CPU = Debug|Any CPU
		Release|Any CPU = Release|Any CPU
	EndGlobalSection
	GlobalSection(ProjectConfigurationPlatforms) = postSolution
		{775785FC-4FA7-4DFE-997A-4E25CD171A2E}.Debug|Any CPU.ActiveCfg = Debug|Any CPU
		{775785FC-4FA7-4DFE-997A-4E25CD171A2E}.Debug|Any CPU.Build.0 = Debug|Any CPU
		{775785FC-4FA7-4DFE-997A-4E25CD171A2E}.Release|Any CPU.ActiveCfg = Release|Any CPU
		{775785FC-4FA7-4DFE-997A-4E25CD171A2E}.Release|Any CPU.Build.0 = Release|Any CPU
	EndGlobalSection
	GlobalSection(SolutionProperties) = preSolution
		HideSolutionNode = FALSE
	EndGlobalSection
	GlobalSection(ExtensibilityGlobals) = postSolution
		SolutionGuid = {621DA854-ABA7-4BF4-BA15-1CC1F50F5E6E}
	EndGlobalSection
EndGlobal
